
Microsoft Visual Studio Solution File, Format Version 12.00
# Visual Studio 15
VisualStudioVersion = 15.0.27130.2036
MinimumVisualStudioVersion = 10.0.40219.1
Project("{2150E333-8FDC-42A3-9474-1A3956D46DE8}") = "1 - Presentation", "1 - Presentation", "{712EBD9E-1828-4C9D-BC33-38810493C09F}"
EndProject
Project("{2150E333-8FDC-42A3-9474-1A3956D46DE8}") = "4 - Domain", "4 - Domain", "{3D00B47B-9780-4F1F-A7DC-B7A2C399C250}"
EndProject
Project("{2150E333-8FDC-42A3-9474-1A3956D46DE8}") = "5.1 - Data", "5.1 - Data", "{5BD77A8E-1285-433B-91C2-0E2BC2034E8E}"
EndProject
Project("{FAE04EC0-301F-11D3-BF4B-00C04F79EFBC}") = "Domain", "Domain\Domain.csproj", "{CBF3DAFA-D7F7-48AD-BFBE-C0717031AA26}"
EndProject
Project("{FAE04EC0-301F-11D3-BF4B-00C04F79EFBC}") = "Infra.Data", "DataAcess\Infra.Data.csproj", "{82787EE7-E1C3-4F7A-BA65-F982DC33F22E}"
EndProject
Project("{2150E333-8FDC-42A3-9474-1A3956D46DE8}") = "0 - SQL Scripts", "0 - SQL Scripts", "{EA98EC12-5937-4BE5-83D5-DA7A0CE982E8}"
	ProjectSection(SolutionItems) = preProject
		01 - CreateTables.sql = 01 - CreateTables.sql
		02 - CreateAdminUser.sql = 02 - CreateAdminUser.sql
	EndProjectSection
EndProject
Project("{FAE04EC0-301F-11D3-BF4B-00C04F79EFBC}") = "MVC", "MVC\MVC.csproj", "{045A087E-C3BB-4E54-8F7F-0B3D6A9C0C6D}"
EndProject
Project("{2150E333-8FDC-42A3-9474-1A3956D46DE8}") = "5 - Infra", "5 - Infra", "{C81AEF12-5FC4-4F3A-8EC3-74E9940A9EAD}"
EndProject
Project("{2150E333-8FDC-42A3-9474-1A3956D46DE8}") = "5.2 - CrossCutting", "5.2 - CrossCutting", "{36130A2A-257D-4E81-9F98-9E10DD61EFC6}"
EndProject
Project("{FAE04EC0-301F-11D3-BF4B-00C04F79EFBC}") = "Infra.CrossCutting.IoC", "Infra.CrossCutting.IoC\Infra.CrossCutting.IoC.csproj", "{F2163C67-031B-41A6-95F2-88405A6C938C}"
EndProject
Project("{2150E333-8FDC-42A3-9474-1A3956D46DE8}") = "3 - Application", "3 - Application", "{F346428E-2D4B-4226-9283-81D956E4E39C}"
EndProject
Project("{2150E333-8FDC-42A3-9474-1A3956D46DE8}") = "2 - Services", "2 - Services", "{FA295288-BDA8-4E31-A0E5-446E6D839936}"
EndProject
Project("{FAE04EC0-301F-11D3-BF4B-00C04F79EFBC}") = "Application", "Application\Application.csproj", "{1822E12A-FDC6-4C50-B2A4-2F0741BD2C75}"
EndProject
Project("{FAE04EC0-301F-11D3-BF4B-00C04F79EFBC}") = "Infra.Extension", "Extension\Infra.Extension.csproj", "{257E224A-071B-4A76-81E0-4DFA5CCB4095}"
EndProject
Project("{FAE04EC0-301F-11D3-BF4B-00C04F79EFBC}") = "Service", "Service\Service.csproj", "{5D161E4F-FA1F-478B-9572-E7ADAF9F5BEB}"
EndProject
Project("{FAE04EC0-301F-11D3-BF4B-00C04F79EFBC}") = "Infra.Resources", "Infra.Resources\Infra.Resources.csproj", "{81CEC19B-D850-4332-A7E5-BB627E81AE93}"
EndProject
Project("{FAE04EC0-301F-11D3-BF4B-00C04F79EFBC}") = "Domain.Models", "Domain.Models\Domain.Models.csproj", "{FDA4195C-6DDB-4E9D-BB44-E5DD7135D368}"
EndProject
Project("{FAE04EC0-301F-11D3-BF4B-00C04F79EFBC}") = "Domain.Interfaces", "Domain.Interfaces\Domain.Interfaces.csproj", "{C343EB30-B11B-4543-B956-1C14576CC9DA}"
EndProject
Project("{FAE04EC0-301F-11D3-BF4B-00C04F79EFBC}") = "Domain.Core", "Domain.Core\Domain.Core.csproj", "{A1D65622-148C-45EA-8104-C3BA7A8E6C88}"
EndProject
Global
	GlobalSection(SolutionConfigurationPlatforms) = preSolution
		Debug|Any CPU = Debug|Any CPU
		Release|Any CPU = Release|Any CPU
	EndGlobalSection
	GlobalSection(ProjectConfigurationPlatforms) = postSolution
		{CBF3DAFA-D7F7-48AD-BFBE-C0717031AA26}.Debug|Any CPU.ActiveCfg = Debug|Any CPU
		{CBF3DAFA-D7F7-48AD-BFBE-C0717031AA26}.Debug|Any CPU.Build.0 = Debug|Any CPU
		{CBF3DAFA-D7F7-48AD-BFBE-C0717031AA26}.Release|Any CPU.ActiveCfg = Release|Any CPU
		{CBF3DAFA-D7F7-48AD-BFBE-C0717031AA26}.Release|Any CPU.Build.0 = Release|Any CPU
		{82787EE7-E1C3-4F7A-BA65-F982DC33F22E}.Debug|Any CPU.ActiveCfg = Debug|Any CPU
		{82787EE7-E1C3-4F7A-BA65-F982DC33F22E}.Debug|Any CPU.Build.0 = Debug|Any CPU
		{82787EE7-E1C3-4F7A-BA65-F982DC33F22E}.Release|Any CPU.ActiveCfg = Release|Any CPU
		{82787EE7-E1C3-4F7A-BA65-F982DC33F22E}.Release|Any CPU.Build.0 = Release|Any CPU
		{045A087E-C3BB-4E54-8F7F-0B3D6A9C0C6D}.Debug|Any CPU.ActiveCfg = Debug|Any CPU
		{045A087E-C3BB-4E54-8F7F-0B3D6A9C0C6D}.Debug|Any CPU.Build.0 = Debug|Any CPU
		{045A087E-C3BB-4E54-8F7F-0B3D6A9C0C6D}.Release|Any CPU.ActiveCfg = Release|Any CPU
		{045A087E-C3BB-4E54-8F7F-0B3D6A9C0C6D}.Release|Any CPU.Build.0 = Release|Any CPU
		{F2163C67-031B-41A6-95F2-88405A6C938C}.Debug|Any CPU.ActiveCfg = Debug|Any CPU
		{F2163C67-031B-41A6-95F2-88405A6C938C}.Debug|Any CPU.Build.0 = Debug|Any CPU
		{F2163C67-031B-41A6-95F2-88405A6C938C}.Release|Any CPU.ActiveCfg = Release|Any CPU
		{F2163C67-031B-41A6-95F2-88405A6C938C}.Release|Any CPU.Build.0 = Release|Any CPU
		{1822E12A-FDC6-4C50-B2A4-2F0741BD2C75}.Debug|Any CPU.ActiveCfg = Debug|Any CPU
		{1822E12A-FDC6-4C50-B2A4-2F0741BD2C75}.Debug|Any CPU.Build.0 = Debug|Any CPU
		{1822E12A-FDC6-4C50-B2A4-2F0741BD2C75}.Release|Any CPU.ActiveCfg = Release|Any CPU
		{1822E12A-FDC6-4C50-B2A4-2F0741BD2C75}.Release|Any CPU.Build.0 = Release|Any CPU
		{257E224A-071B-4A76-81E0-4DFA5CCB4095}.Debug|Any CPU.ActiveCfg = Debug|Any CPU
		{257E224A-071B-4A76-81E0-4DFA5CCB4095}.Debug|Any CPU.Build.0 = Debug|Any CPU
		{257E224A-071B-4A76-81E0-4DFA5CCB4095}.Release|Any CPU.ActiveCfg = Release|Any CPU
		{257E224A-071B-4A76-81E0-4DFA5CCB4095}.Release|Any CPU.Build.0 = Release|Any CPU
		{5D161E4F-FA1F-478B-9572-E7ADAF9F5BEB}.Debug|Any CPU.ActiveCfg = Debug|Any CPU
		{5D161E4F-FA1F-478B-9572-E7ADAF9F5BEB}.Debug|Any CPU.Build.0 = Debug|Any CPU
		{5D161E4F-FA1F-478B-9572-E7ADAF9F5BEB}.Release|Any CPU.ActiveCfg = Release|Any CPU
		{5D161E4F-FA1F-478B-9572-E7ADAF9F5BEB}.Release|Any CPU.Build.0 = Release|Any CPU
		{81CEC19B-D850-4332-A7E5-BB627E81AE93}.Debug|Any CPU.ActiveCfg = Debug|Any CPU
		{81CEC19B-D850-4332-A7E5-BB627E81AE93}.Debug|Any CPU.Build.0 = Debug|Any CPU
		{81CEC19B-D850-4332-A7E5-BB627E81AE93}.Release|Any CPU.ActiveCfg = Release|Any CPU
		{81CEC19B-D850-4332-A7E5-BB627E81AE93}.Release|Any CPU.Build.0 = Release|Any CPU
		{FDA4195C-6DDB-4E9D-BB44-E5DD7135D368}.Debug|Any CPU.ActiveCfg = Debug|Any CPU
		{FDA4195C-6DDB-4E9D-BB44-E5DD7135D368}.Debug|Any CPU.Build.0 = Debug|Any CPU
		{FDA4195C-6DDB-4E9D-BB44-E5DD7135D368}.Release|Any CPU.ActiveCfg = Release|Any CPU
		{FDA4195C-6DDB-4E9D-BB44-E5DD7135D368}.Release|Any CPU.Build.0 = Release|Any CPU
		{C343EB30-B11B-4543-B956-1C14576CC9DA}.Debug|Any CPU.ActiveCfg = Debug|Any CPU
		{C343EB30-B11B-4543-B956-1C14576CC9DA}.Debug|Any CPU.Build.0 = Debug|Any CPU
		{C343EB30-B11B-4543-B956-1C14576CC9DA}.Release|Any CPU.ActiveCfg = Release|Any CPU
		{C343EB30-B11B-4543-B956-1C14576CC9DA}.Release|Any CPU.Build.0 = Release|Any CPU
		{A1D65622-148C-45EA-8104-C3BA7A8E6C88}.Debug|Any CPU.ActiveCfg = Debug|Any CPU
		{A1D65622-148C-45EA-8104-C3BA7A8E6C88}.Debug|Any CPU.Build.0 = Debug|Any CPU
		{A1D65622-148C-45EA-8104-C3BA7A8E6C88}.Release|Any CPU.ActiveCfg = Release|Any CPU
		{A1D65622-148C-45EA-8104-C3BA7A8E6C88}.Release|Any CPU.Build.0 = Release|Any CPU
	EndGlobalSection
	GlobalSection(SolutionProperties) = preSolution
		HideSolutionNode = FALSE
	EndGlobalSection
	GlobalSection(NestedProjects) = preSolution
		{5BD77A8E-1285-433B-91C2-0E2BC2034E8E} = {C81AEF12-5FC4-4F3A-8EC3-74E9940A9EAD}
		{CBF3DAFA-D7F7-48AD-BFBE-C0717031AA26} = {3D00B47B-9780-4F1F-A7DC-B7A2C399C250}
		{82787EE7-E1C3-4F7A-BA65-F982DC33F22E} = {5BD77A8E-1285-433B-91C2-0E2BC2034E8E}
		{045A087E-C3BB-4E54-8F7F-0B3D6A9C0C6D} = {712EBD9E-1828-4C9D-BC33-38810493C09F}
		{36130A2A-257D-4E81-9F98-9E10DD61EFC6} = {C81AEF12-5FC4-4F3A-8EC3-74E9940A9EAD}
		{F2163C67-031B-41A6-95F2-88405A6C938C} = {36130A2A-257D-4E81-9F98-9E10DD61EFC6}
		{1822E12A-FDC6-4C50-B2A4-2F0741BD2C75} = {F346428E-2D4B-4226-9283-81D956E4E39C}
		{257E224A-071B-4A76-81E0-4DFA5CCB4095} = {36130A2A-257D-4E81-9F98-9E10DD61EFC6}
		{5D161E4F-FA1F-478B-9572-E7ADAF9F5BEB} = {FA295288-BDA8-4E31-A0E5-446E6D839936}
		{81CEC19B-D850-4332-A7E5-BB627E81AE93} = {36130A2A-257D-4E81-9F98-9E10DD61EFC6}
		{FDA4195C-6DDB-4E9D-BB44-E5DD7135D368} = {3D00B47B-9780-4F1F-A7DC-B7A2C399C250}
		{C343EB30-B11B-4543-B956-1C14576CC9DA} = {3D00B47B-9780-4F1F-A7DC-B7A2C399C250}
		{A1D65622-148C-45EA-8104-C3BA7A8E6C88} = {3D00B47B-9780-4F1F-A7DC-B7A2C399C250}
	EndGlobalSection
	GlobalSection(ExtensibilityGlobals) = postSolution
		SolutionGuid = {921CD982-D482-4643-A0BD-5DB15C72FA1A}
	EndGlobalSection
EndGlobal
